// !$*UTF8*$!
{
	archiveVersion = 1;
	classes = {
	};
	objectVersion = 55;
	objects = {

/* Begin PBXBuildFile section */
		87D7B87D29BA079C3FB5FC8C /* Pods_TikTok_2_0.framework in Frameworks */ = {isa = PBXBuildFile; fileRef = F3A5C61AC85EFB3AC5D036D4 /* Pods_TikTok_2_0.framework */; };
		BD4B101627CCAEA100279241 /* AppDelegate.swift in Sources */ = {isa = PBXBuildFile; fileRef = BD4B101527CCAEA100279241 /* AppDelegate.swift */; };
		BD4B101827CCAEA100279241 /* SceneDelegate.swift in Sources */ = {isa = PBXBuildFile; fileRef = BD4B101727CCAEA100279241 /* SceneDelegate.swift */; };
		BD4B101A27CCAEA100279241 /* ViewController.swift in Sources */ = {isa = PBXBuildFile; fileRef = BD4B101927CCAEA100279241 /* ViewController.swift */; };
		BD4B101D27CCAEA100279241 /* Main.storyboard in Resources */ = {isa = PBXBuildFile; fileRef = BD4B101B27CCAEA100279241 /* Main.storyboard */; };
		BD4B101F27CCAEA300279241 /* Assets.xcassets in Resources */ = {isa = PBXBuildFile; fileRef = BD4B101E27CCAEA300279241 /* Assets.xcassets */; };
		BD4B102227CCAEA300279241 /* LaunchScreen.storyboard in Resources */ = {isa = PBXBuildFile; fileRef = BD4B102027CCAEA300279241 /* LaunchScreen.storyboard */; };
		BD4B102A27CCEB4E00279241 /* TableVideoViewCell.swift in Sources */ = {isa = PBXBuildFile; fileRef = BD4B102927CCEB4E00279241 /* TableVideoViewCell.swift */; };
/* End PBXBuildFile section */

/* Begin PBXFileReference section */
		A989C0E364D3854FDEB5B8A4 /* Pods-TikTok 2.0.release.xcconfig */ = {isa = PBXFileReference; includeInIndex = 1; lastKnownFileType = text.xcconfig; name = "Pods-TikTok 2.0.release.xcconfig"; path = "Target Support Files/Pods-TikTok 2.0/Pods-TikTok 2.0.release.xcconfig"; sourceTree = "<group>"; };
		BD4B101227CCAEA100279241 /* TikTok 2.0.app */ = {isa = PBXFileReference; explicitFileType = wrapper.application; includeInIndex = 0; path = "TikTok 2.0.app"; sourceTree = BUILT_PRODUCTS_DIR; };
		BD4B101527CCAEA100279241 /* AppDelegate.swift */ = {isa = PBXFileReference; lastKnownFileType = sourcecode.swift; path = AppDelegate.swift; sourceTree = "<group>"; };
		BD4B101727CCAEA100279241 /* SceneDelegate.swift */ = {isa = PBXFileReference; lastKnownFileType = sourcecode.swift; path = SceneDelegate.swift; sourceTree = "<group>"; };
		BD4B101927CCAEA100279241 /* ViewController.swift */ = {isa = PBXFileReference; lastKnownFileType = sourcecode.swift; path = ViewController.swift; sourceTree = "<group>"; };
		BD4B101C27CCAEA100279241 /* Base */ = {isa = PBXFileReference; lastKnownFileType = file.storyboard; name = Base; path = Base.lproj/Main.storyboard; sourceTree = "<group>"; };
		BD4B101E27CCAEA300279241 /* Assets.xcassets */ = {isa = PBXFileReference; lastKnownFileType = folder.assetcatalog; path = Assets.xcassets; sourceTree = "<group>"; };
		BD4B102127CCAEA300279241 /* Base */ = {isa = PBXFileReference; lastKnownFileType = file.storyboard; name = Base; path = Base.lproj/LaunchScreen.storyboard; sourceTree = "<group>"; };
		BD4B102327CCAEA300279241 /* Info.plist */ = {isa = PBXFileReference; lastKnownFileType = text.plist.xml; path = Info.plist; sourceTree = "<group>"; };
		BD4B102927CCEB4E00279241 /* TableVideoViewCell.swift */ = {isa = PBXFileReference; lastKnownFileType = sourcecode.swift; path = TableVideoViewCell.swift; sourceTree = "<group>"; };
		D7A55983C415D681A7AF0024 /* Pods-TikTok 2.0.debug.xcconfig */ = {isa = PBXFileReference; includeInIndex = 1; lastKnownFileType = text.xcconfig; name = "Pods-TikTok 2.0.debug.xcconfig"; path = "Target Support Files/Pods-TikTok 2.0/Pods-TikTok 2.0.debug.xcconfig"; sourceTree = "<group>"; };
		F3A5C61AC85EFB3AC5D036D4 /* Pods_TikTok_2_0.framework */ = {isa = PBXFileReference; explicitFileType = wrapper.framework; includeInIndex = 0; path = Pods_TikTok_2_0.framework; sourceTree = BUILT_PRODUCTS_DIR; };
/* End PBXFileReference section */

/* Begin PBXFrameworksBuildPhase section */
		BD4B100F27CCAEA100279241 /* Frameworks */ = {
			isa = PBXFrameworksBuildPhase;
			buildActionMask = 2147483647;
			files = (
				87D7B87D29BA079C3FB5FC8C /* Pods_TikTok_2_0.framework in Frameworks */,
			);
			runOnlyForDeploymentPostprocessing = 0;
		};
/* End PBXFrameworksBuildPhase section */

/* Begin PBXGroup section */
		4E2EA56C4F55E394CDC50737 /* Frameworks */ = {
			isa = PBXGroup;
			children = (
				F3A5C61AC85EFB3AC5D036D4 /* Pods_TikTok_2_0.framework */,
			);
			name = Frameworks;
			sourceTree = "<group>";
		};
		BD4B100927CCAEA100279241 = {
			isa = PBXGroup;
			children = (
				BD4B101427CCAEA100279241 /* TikTok 2.0 */,
				BD4B101327CCAEA100279241 /* Products */,
				FD5F208BCC42445BA74492E9 /* Pods */,
				4E2EA56C4F55E394CDC50737 /* Frameworks */,
			);
			sourceTree = "<group>";
		};
		BD4B101327CCAEA100279241 /* Products */ = {
			isa = PBXGroup;
			children = (
				BD4B101227CCAEA100279241 /* TikTok 2.0.app */,
			);
			name = Products;
			sourceTree = "<group>";
		};
		BD4B101427CCAEA100279241 /* TikTok 2.0 */ = {
			isa = PBXGroup;
			children = (
				BD4B101527CCAEA100279241 /* AppDelegate.swift */,
				BD4B101727CCAEA100279241 /* SceneDelegate.swift */,
				BD4B101927CCAEA100279241 /* ViewController.swift */,
				BD4B102927CCEB4E00279241 /* TableVideoViewCell.swift */,
				BD4B101B27CCAEA100279241 /* Main.storyboard */,
				BD4B101E27CCAEA300279241 /* Assets.xcassets */,
				BD4B102027CCAEA300279241 /* LaunchScreen.storyboard */,
				BD4B102327CCAEA300279241 /* Info.plist */,
			);
			path = "TikTok 2.0";
			sourceTree = "<group>";
		};
		FD5F208BCC42445BA74492E9 /* Pods */ = {
			isa = PBXGroup;
			children = (
				D7A55983C415D681A7AF0024 /* Pods-TikTok 2.0.debug.xcconfig */,
				A989C0E364D3854FDEB5B8A4 /* Pods-TikTok 2.0.release.xcconfig */,
			);
			path = Pods;
			sourceTree = "<group>";
		};
/* End PBXGroup section */

/* Begin PBXNativeTarget section */
		BD4B101127CCAEA100279241 /* TikTok 2.0 */ = {
			isa = PBXNativeTarget;
			buildConfigurationList = BD4B102627CCAEA300279241 /* Build configuration list for PBXNativeTarget "TikTok 2.0" */;
			buildPhases = (
				00CAF4D5C72CCF297D26BECE /* [CP] Check Pods Manifest.lock */,
				BD4B100E27CCAEA100279241 /* Sources */,
				BD4B100F27CCAEA100279241 /* Frameworks */,
				BD4B101027CCAEA100279241 /* Resources */,
				EBAF12F9360EC1F6049E58A4 /* [CP] Embed Pods Frameworks */,
			);
			buildRules = (
			);
			dependencies = (
			);
			name = "TikTok 2.0";
			productName = "TikTok 2.0";
			productReference = BD4B101227CCAEA100279241 /* TikTok 2.0.app */;
			productType = "com.apple.product-type.application";
		};
/* End PBXNativeTarget section */

/* Begin PBXProject section */
		BD4B100A27CCAEA100279241 /* Project object */ = {
			isa = PBXProject;
			attributes = {
				BuildIndependentTargetsInParallel = 1;
				LastSwiftUpdateCheck = 1300;
				LastUpgradeCheck = 1300;
				TargetAttributes = {
					BD4B101127CCAEA100279241 = {
						CreatedOnToolsVersion = 13.0;
					};
				};
			};
			buildConfigurationList = BD4B100D27CCAEA100279241 /* Build configuration list for PBXProject "TikTok 2.0" */;
			compatibilityVersion = "Xcode 13.0";
			developmentRegion = en;
			hasScannedForEncodings = 0;
			knownRegions = (
				en,
				Base,
			);
			mainGroup = BD4B100927CCAEA100279241;
			productRefGroup = BD4B101327CCAEA100279241 /* Products */;
			projectDirPath = "";
			projectRoot = "";
			targets = (
				BD4B101127CCAEA100279241 /* TikTok 2.0 */,
			);
		};
/* End PBXProject section */

/* Begin PBXResourcesBuildPhase section */
		BD4B101027CCAEA100279241 /* Resources */ = {
			isa = PBXResourcesBuildPhase;
			buildActionMask = 2147483647;
			files = (
				BD4B102227CCAEA300279241 /* LaunchScreen.storyboard in Resources */,
				BD4B101F27CCAEA300279241 /* Assets.xcassets in Resources */,
				BD4B101D27CCAEA100279241 /* Main.storyboard in Resources */,
			);
			runOnlyForDeploymentPostprocessing = 0;
		};
/* End PBXResourcesBuildPhase section */

/* Begin PBXShellScriptBuildPhase section */
		00CAF4D5C72CCF297D26BECE /* [CP] Check Pods Manifest.lock */ = {
			isa = PBXShellScriptBuildPhase;
			buildActionMask = 2147483647;
			files = (
			);
			inputFileListPaths = (
			);
			inputPaths = (
				"${PODS_PODFILE_DIR_PATH}/Podfile.lock",
				"${PODS_ROOT}/Manifest.lock",
			);
			name = "[CP] Check Pods Manifest.lock";
			outputFileListPaths = (
			);
			outputPaths = (
				"$(DERIVED_FILE_DIR)/Pods-TikTok 2.0-checkManifestLockResult.txt",
			);
			runOnlyForDeploymentPostprocessing = 0;
			shellPath = /bin/sh;
			shellScript = "diff \"${PODS_PODFILE_DIR_PATH}/Podfile.lock\" \"${PODS_ROOT}/Manifest.lock\" > /dev/null\nif [ $? != 0 ] ; then\n    # print error to STDERR\n    echo \"error: The sandbox is not in sync with the Podfile.lock. Run 'pod install' or update your CocoaPods installation.\" >&2\n    exit 1\nfi\n# This output is used by Xcode 'outputs' to avoid re-running this script phase.\necho \"SUCCESS\" > \"${SCRIPT_OUTPUT_FILE_0}\"\n";
			showEnvVarsInLog = 0;
		};
		EBAF12F9360EC1F6049E58A4 /* [CP] Embed Pods Frameworks */ = {
			isa = PBXShellScriptBuildPhase;
			buildActionMask = 2147483647;
			files = (
			);
			inputFileListPaths = (
				"${PODS_ROOT}/Target Support Files/Pods-TikTok 2.0/Pods-TikTok 2.0-frameworks-${CONFIGURATION}-input-files.xcfilelist",
			);
			name = "[CP] Embed Pods Frameworks";
			outputFileListPaths = (
				"${PODS_ROOT}/Target Support Files/Pods-TikTok 2.0/Pods-TikTok 2.0-frameworks-${CONFIGURATION}-output-files.xcfilelist",
			);
			runOnlyForDeploymentPostprocessing = 0;
			shellPath = /bin/sh;
			shellScript = "\"${PODS_ROOT}/Target Support Files/Pods-TikTok 2.0/Pods-TikTok 2.0-frameworks.sh\"\n";
			showEnvVarsInLog = 0;
		};
/* End PBXShellScriptBuildPhase section */

/* Begin PBXSourcesBuildPhase section */
		BD4B100E27CCAEA100279241 /* Sources */ = {
			isa = PBXSourcesBuildPhase;
			buildActionMask = 2147483647;
			files = (
				BD4B101A27CCAEA100279241 /* ViewController.swift in Sources */,
				BD4B102A27CCEB4E00279241 /* TableVideoViewCell.swift in Sources */,
				BD4B101627CCAEA100279241 /* AppDelegate.swift in Sources */,
				BD4B101827CCAEA100279241 /* SceneDelegate.swift in Sources */,
			);
			runOnlyForDeploymentPostprocessing = 0;
		};
/* End PBXSourcesBuildPhase section */

/* Begin PBXVariantGroup section */
		BD4B101B27CCAEA100279241 /* Main.storyboard */ = {
			isa = PBXVariantGroup;
			children = (
				BD4B101C27CCAEA100279241 /* Base */,
			);
			name = Main.storyboard;
			sourceTree = "<group>";
		};
		BD4B102027CCAEA300279241 /* LaunchScreen.storyboard */ = {
			isa = PBXVariantGroup;
			children = (
				BD4B102127CCAEA300279241 /* Base */,
			);
			name = LaunchScreen.storyboard;
			sourceTree = "<group>";
		};
/* End PBXVariantGroup section */

/* Begin XCBuildConfiguration section */
		BD4B102427CCAEA300279241 /* Debug */ = {
			isa = XCBuildConfiguration;
			buildSettings = {
				ALWAYS_SEARCH_USER_PATHS = NO;
				CLANG_ANALYZER_NONNULL = YES;
				CLANG_ANALYZER_NUMBER_OBJECT_CONVERSION = YES_AGGRESSIVE;
				CLANG_CXX_LANGUAGE_STANDARD = "gnu++17";
				CLANG_CXX_LIBRARY = "libc++";
				CLANG_ENABLE_MODULES = YES;
				CLANG_ENABLE_OBJC_ARC = YES;
				CLANG_ENABLE_OBJC_WEAK = YES;
				CLANG_WARN_BLOCK_CAPTURE_AUTORELEASING = YES;
				CLANG_WARN_BOOL_CONVERSION = YES;
				CLANG_WARN_COMMA = YES;
				CLANG_WARN_CONSTANT_CONVERSION = YES;
				CLANG_WARN_DEPRECATED_OBJC_IMPLEMENTATIONS = YES;
				CLANG_WARN_DIRECT_OBJC_ISA_USAGE = YES_ERROR;
				CLANG_WARN_DOCUMENTATION_COMMENTS = YES;
				CLANG_WARN_EMPTY_BODY = YES;
				CLANG_WARN_ENUM_CONVERSION = YES;
				CLANG_WARN_INFINITE_RECURSION = YES;
				CLANG_WARN_INT_CONVERSION = YES;
				CLANG_WARN_NON_LITERAL_NULL_CONVERSION = YES;
				CLANG_WARN_OBJC_IMPLICIT_RETAIN_SELF = YES;
				CLANG_WARN_OBJC_LITERAL_CONVERSION = YES;
				CLANG_WARN_OBJC_ROOT_CLASS = YES_ERROR;
				CLANG_WARN_QUOTED_INCLUDE_IN_FRAMEWORK_HEADER = YES;
				CLANG_WARN_RANGE_LOOP_ANALYSIS = YES;
				CLANG_WARN_STRICT_PROTOTYPES = YES;
				CLANG_WARN_SUSPICIOUS_MOVE = YES;
				CLANG_WARN_UNGUARDED_AVAILABILITY = YES_AGGRESSIVE;
				CLANG_WARN_UNREACHABLE_CODE = YES;
				CLANG_WARN__DUPLICATE_METHOD_MATCH = YES;
				COPY_PHASE_STRIP = NO;
				DEBUG_INFORMATION_FORMAT = dwarf;
				ENABLE_STRICT_OBJC_MSGSEND = YES;
				ENABLE_TESTABILITY = YES;
				GCC_C_LANGUAGE_STANDARD = gnu11;
				GCC_DYNAMIC_NO_PIC = NO;
				GCC_NO_COMMON_BLOCKS = YES;
				GCC_OPTIMIZATION_LEVEL = 0;
				GCC_PREPROCESSOR_DEFINITIONS = (
					"DEBUG=1",
					"$(inherited)",
				);
				GCC_WARN_64_TO_32_BIT_CONVERSION = YES;
				GCC_WARN_ABOUT_RETURN_TYPE = YES_ERROR;
				GCC_WARN_UNDECLARED_SELECTOR = YES;
				GCC_WARN_UNINITIALIZED_AUTOS = YES_AGGRESSIVE;
				GCC_WARN_UNUSED_FUNCTION = YES;
				GCC_WARN_UNUSED_VARIABLE = YES;
				IPHONEOS_DEPLOYMENT_TARGET = 15.0;
				MTL_ENABLE_DEBUG_INFO = INCLUDE_SOURCE;
				MTL_FAST_MATH = YES;
				ONLY_ACTIVE_ARCH = YES;
				SDKROOT = iphoneos;
				SWIFT_ACTIVE_COMPILATION_CONDITIONS = DEBUG;
				SWIFT_OPTIMIZATION_LEVEL = "-Onone";
			};
			name = Debug;
		};
		BD4B102527CCAEA300279241 /* Release */ = {
			isa = XCBuildConfiguration;
			buildSettings = {
				ALWAYS_SEARCH_USER_PATHS = NO;
				CLANG_ANALYZER_NONNULL = YES;
				CLANG_ANALYZER_NUMBER_OBJECT_CONVERSION = YES_AGGRESSIVE;
				CLANG_CXX_LANGUAGE_STANDARD = "gnu++17";
				CLANG_CXX_LIBRARY = "libc++";
				CLANG_ENABLE_MODULES = YES;
				CLANG_ENABLE_OBJC_ARC = YES;
				CLANG_ENABLE_OBJC_WEAK = YES;
				CLANG_WARN_BLOCK_CAPTURE_AUTORELEASING = YES;
				CLANG_WARN_BOOL_CONVERSION = YES;
				CLANG_WARN_COMMA = YES;
				CLANG_WARN_CONSTANT_CONVERSION = YES;
				CLANG_WARN_DEPRECATED_OBJC_IMPLEMENTATIONS = YES;
				CLANG_WARN_DIRECT_OBJC_ISA_USAGE = YES_ERROR;
				CLANG_WARN_DOCUMENTATION_COMMENTS = YES;
				CLANG_WARN_EMPTY_BODY = YES;
				CLANG_WARN_ENUM_CONVERSION = YES;
				CLANG_WARN_INFINITE_RECURSION = YES;
				CLANG_WARN_INT_CONVERSION = YES;
				CLANG_WARN_NON_LITERAL_NULL_CONVERSION = YES;
				CLANG_WARN_OBJC_IMPLICIT_RETAIN_SELF = YES;
				CLANG_WARN_OBJC_LITERAL_CONVERSION = YES;
				CLANG_WARN_OBJC_ROOT_CLASS = YES_ERROR;
				CLANG_WARN_QUOTED_INCLUDE_IN_FRAMEWORK_HEADER = YES;
				CLANG_WARN_RANGE_LOOP_ANALYSIS = YES;
				CLANG_WARN_STRICT_PROTOTYPES = YES;
				CLANG_WARN_SUSPICIOUS_MOVE = YES;
				CLANG_WARN_UNGUARDED_AVAILABILITY = YES_AGGRESSIVE;
				CLANG_WARN_UNREACHABLE_CODE = YES;
				CLANG_WARN__DUPLICATE_METHOD_MATCH = YES;
				COPY_PHASE_STRIP = NO;
				DEBUG_INFORMATION_FORMAT = "dwarf-with-dsym";
				ENABLE_NS_ASSERTIONS = NO;
				ENABLE_STRICT_OBJC_MSGSEND = YES;
				GCC_C_LANGUAGE_STANDARD = gnu11;
				GCC_NO_COMMON_BLOCKS = YES;
				GCC_WARN_64_TO_32_BIT_CONVERSION = YES;
				GCC_WARN_ABOUT_RETURN_TYPE = YES_ERROR;
				GCC_WARN_UNDECLARED_SELECTOR = YES;
				GCC_WARN_UNINITIALIZED_AUTOS = YES_AGGRESSIVE;
				GCC_WARN_UNUSED_FUNCTION = YES;
				GCC_WARN_UNUSED_VARIABLE = YES;
				IPHONEOS_DEPLOYMENT_TARGET = 15.0;
				MTL_ENABLE_DEBUG_INFO = NO;
				MTL_FAST_MATH = YES;
				SDKROOT = iphoneos;
				SWIFT_COMPILATION_MODE = wholemodule;
				SWIFT_OPTIMIZATION_LEVEL = "-O";
				VALIDATE_PRODUCT = YES;
			};
			name = Release;
		};
		BD4B102727CCAEA300279241 /* Debug */ = {
			isa = XCBuildConfiguration;
			baseConfigurationReference = D7A55983C415D681A7AF0024 /* Pods-TikTok 2.0.debug.xcconfig */;
			buildSettings = {
				ASSETCATALOG_COMPILER_APPICON_NAME = AppIcon;
				ASSETCATALOG_COMPILER_GLOBAL_ACCENT_COLOR_NAME = AccentColor;
				CODE_SIGN_STYLE = Automatic;
				CURRENT_PROJECT_VERSION = 1;
				GENERATE_INFOPLIST_FILE = YES;
				INFOPLIST_FILE = "TikTok 2.0/Info.plist";
				INFOPLIST_KEY_UIApplicationSupportsIndirectInputEvents = YES;
				INFOPLIST_KEY_UILaunchStoryboardName = LaunchScreen;
				INFOPLIST_KEY_UIMainStoryboardFile = Main;
				INFOPLIST_KEY_UISupportedInterfaceOrientations_iPad = "UIInterfaceOrientationPortrait UIInterfaceOrientationPortraitUpsideDown UIInterfaceOrientationLandscapeLeft UIInterfaceOrientationLandscapeRight";
				INFOPLIST_KEY_UISupportedInterfaceOrientations_iPhone = "UIInterfaceOrientationPortrait UIInterfaceOrientationLandscapeLeft UIInterfaceOrientationLandscapeRight";
				LD_RUNPATH_SEARCH_PATHS = (
					"$(inherited)",
					"@executable_path/Frameworks",
				);
				MARKETING_VERSION = 1.0;
				PRODUCT_BUNDLE_IDENTIFIER = "KotkovStudentCorporation.TikTok-2-0";
				PRODUCT_NAME = "$(TARGET_NAME)";
				SWIFT_EMIT_LOC_STRINGS = YES;
				SWIFT_VERSION = 5.0;
				TARGETED_DEVICE_FAMILY = "1,2";
			};
			name = Debug;
		};
		BD4B102827CCAEA300279241 /* Release */ = {
			isa = XCBuildConfiguration;
			baseConfigurationReference = A989C0E364D3854FDEB5B8A4 /* Pods-TikTok 2.0.release.xcconfig */;
			buildSettings = {
				ASSETCATALOG_COMPILER_APPICON_NAME = AppIcon;
				ASSETCATALOG_COMPILER_GLOBAL_ACCENT_COLOR_NAME = AccentColor;
				CODE_SIGN_STYLE = Automatic;
				CURRENT_PROJECT_VERSION = 1;
				GENERATE_INFOPLIST_FILE = YES;
				INFOPLIST_FILE = "TikTok 2.0/Info.plist";
				INFOPLIST_KEY_UIApplicationSupportsIndirectInputEvents = YES;
				INFOPLIST_KEY_UILaunchStoryboardName = LaunchScreen;
				INFOPLIST_KEY_UIMainStoryboardFile = Main;
				INFOPLIST_KEY_UISupportedInterfaceOrientations_iPad = "UIInterfaceOrientationPortrait UIInterfaceOrientationPortraitUpsideDown UIInterfaceOrientationLandscapeLeft UIInterfaceOrientationLandscapeRight";
				INFOPLIST_KEY_UISupportedInterfaceOrientations_iPhone = "UIInterfaceOrientationPortrait UIInterfaceOrientationLandscapeLeft UIInterfaceOrientationLandscapeRight";
				LD_RUNPATH_SEARCH_PATHS = (
					"$(inherited)",
					"@executable_path/Frameworks",
				);
				MARKETING_VERSION = 1.0;
				PRODUCT_BUNDLE_IDENTIFIER = "KotkovStudentCorporation.TikTok-2-0";
				PRODUCT_NAME = "$(TARGET_NAME)";
				SWIFT_EMIT_LOC_STRINGS = YES;
				SWIFT_VERSION = 5.0;
				TARGETED_DEVICE_FAMILY = "1,2";
			};
			name = Release;
		};
/* End XCBuildConfiguration section */

/* Begin XCConfigurationList section */
		BD4B100D27CCAEA100279241 /* Build configuration list for PBXProject "TikTok 2.0" */ = {
			isa = XCConfigurationList;
			buildConfigurations = (
				BD4B102427CCAEA300279241 /* Debug */,
				BD4B102527CCAEA300279241 /* Release */,
			);
			defaultConfigurationIsVisible = 0;
			defaultConfigurationName = Release;
		};
		BD4B102627CCAEA300279241 /* Build configuration list for PBXNativeTarget "TikTok 2.0" */ = {
			isa = XCConfigurationList;
			buildConfigurations = (
				BD4B102727CCAEA300279241 /* Debug */,
				BD4B102827CCAEA300279241 /* Release */,
			);
			defaultConfigurationIsVisible = 0;
			defaultConfigurationName = Release;
		};
/* End XCConfigurationList section */
	};
	rootObject = BD4B100A27CCAEA100279241 /* Project object */;
}
